
Microsoft Visual Studio Solution File, Format Version 12.00
Project("{FAE04EC0-301F-11D3-BF4B-00C04F79EFBC}") = "ElasticDemo", "ElasticDemo\ElasticDemo.csproj", "{9114C880-B3CB-47D8-99E8-D9ACF3348737}"
EndProject
Project("{FAE04EC0-301F-11D3-BF4B-00C04F79EFBC}") = "ElasticDemo.Domain", "ElasticDemo.Domain\ElasticDemo.Domain.csproj", "{37967D61-6356-4FB1-94B0-63641B050159}"
EndProject
Project("{FAE04EC0-301F-11D3-BF4B-00C04F79EFBC}") = "ElasticDemo.Application", "ElasticDemo.Application\ElasticDemo.Application.csproj", "{67B4E17F-7666-49E3-8B85-A9976C1F1105}"
EndProject
Global
	GlobalSection(SolutionConfigurationPlatforms) = preSolution
		Debug|Any CPU = Debug|Any CPU
		Release|Any CPU = Release|Any CPU
	EndGlobalSection
	GlobalSection(ProjectConfigurationPlatforms) = postSolution
		{9114C880-B3CB-47D8-99E8-D9ACF3348737}.Debug|Any CPU.ActiveCfg = Debug|Any CPU
		{9114C880-B3CB-47D8-99E8-D9ACF3348737}.Debug|Any CPU.Build.0 = Debug|Any CPU
		{9114C880-B3CB-47D8-99E8-D9ACF3348737}.Release|Any CPU.ActiveCfg = Release|Any CPU
		{9114C880-B3CB-47D8-99E8-D9ACF3348737}.Release|Any CPU.Build.0 = Release|Any CPU
		{37967D61-6356-4FB1-94B0-63641B050159}.Debug|Any CPU.ActiveCfg = Debug|Any CPU
		{37967D61-6356-4FB1-94B0-63641B050159}.Debug|Any CPU.Build.0 = Debug|Any CPU
		{37967D61-6356-4FB1-94B0-63641B050159}.Release|Any CPU.ActiveCfg = Release|Any CPU
		{37967D61-6356-4FB1-94B0-63641B050159}.Release|Any CPU.Build.0 = Release|Any CPU
		{67B4E17F-7666-49E3-8B85-A9976C1F1105}.Debug|Any CPU.ActiveCfg = Debug|Any CPU
		{67B4E17F-7666-49E3-8B85-A9976C1F1105}.Debug|Any CPU.Build.0 = Debug|Any CPU
		{67B4E17F-7666-49E3-8B85-A9976C1F1105}.Release|Any CPU.ActiveCfg = Release|Any CPU
		{67B4E17F-7666-49E3-8B85-A9976C1F1105}.Release|Any CPU.Build.0 = Release|Any CPU
	EndGlobalSection
EndGlobal
